
Microsoft Visual Studio Solution File, Format Version 12.00
# Visual Studio 15
VisualStudioVersion = 15.0.28010.2048
MinimumVisualStudioVersion = 10.0.40219.1
Project("{FAE04EC0-301F-11D3-BF4B-00C04F79EFBC}") = "MQTT.Device.DotNet.SDK", "MQTT.Device.DotNet.SDK\MQTT.Device.DotNet.SDK.csproj", "{8D3A7F45-7597-4AE8-9554-9D39D471AB4C}"
EndProject
Project("{FAE04EC0-301F-11D3-BF4B-00C04F79EFBC}") = "MyTech", "MyTech\MyTech.csproj", "{7ADACBEC-98ED-4237-A865-1F6963240599}"
EndProject
Project("{FAE04EC0-301F-11D3-BF4B-00C04F79EFBC}") = "MQTT.Device.DotNet.SDK.Test", "MQTT.Device.DotNet.SDK.Test\MQTT.Device.DotNet.SDK.Test.csproj", "{032A759E-ECE4-4A8B-9083-61C38A16EB81}"
EndProject
Global
	GlobalSection(SolutionConfigurationPlatforms) = preSolution
		Debug|Any CPU = Debug|Any CPU
		Release|Any CPU = Release|Any CPU
	EndGlobalSection
	GlobalSection(ProjectConfigurationPlatforms) = postSolution
		{8D3A7F45-7597-4AE8-9554-9D39D471AB4C}.Debug|Any CPU.ActiveCfg = Debug|Any CPU
		{8D3A7F45-7597-4AE8-9554-9D39D471AB4C}.Debug|Any CPU.Build.0 = Debug|Any CPU
		{8D3A7F45-7597-4AE8-9554-9D39D471AB4C}.Release|Any CPU.ActiveCfg = Release|Any CPU
		{8D3A7F45-7597-4AE8-9554-9D39D471AB4C}.Release|Any CPU.Build.0 = Release|Any CPU
		{7ADACBEC-98ED-4237-A865-1F6963240599}.Debug|Any CPU.ActiveCfg = Debug|Any CPU
		{7ADACBEC-98ED-4237-A865-1F6963240599}.Debug|Any CPU.Build.0 = Debug|Any CPU
		{7ADACBEC-98ED-4237-A865-1F6963240599}.Release|Any CPU.ActiveCfg = Release|Any CPU
		{7ADACBEC-98ED-4237-A865-1F6963240599}.Release|Any CPU.Build.0 = Release|Any CPU
		{032A759E-ECE4-4A8B-9083-61C38A16EB81}.Debug|Any CPU.ActiveCfg = Debug|Any CPU
		{032A759E-ECE4-4A8B-9083-61C38A16EB81}.Debug|Any CPU.Build.0 = Debug|Any CPU
		{032A759E-ECE4-4A8B-9083-61C38A16EB81}.Release|Any CPU.ActiveCfg = Release|Any CPU
		{032A759E-ECE4-4A8B-9083-61C38A16EB81}.Release|Any CPU.Build.0 = Release|Any CPU
	EndGlobalSection
	GlobalSection(SolutionProperties) = preSolution
		HideSolutionNode = FALSE
	EndGlobalSection
	GlobalSection(ExtensibilityGlobals) = postSolution
		SolutionGuid = {113EA8A8-495F-4060-9DAE-6D3B5B41A02A}
	EndGlobalSection
EndGlobal
